
Microsoft Visual Studio Solution File, Format Version 12.00
# Visual Studio 2013
VisualStudioVersion = 12.0.31101.0
MinimumVisualStudioVersion = 10.0.40219.1
Project("{FAE04EC0-301F-11D3-BF4B-00C04F79EFBC}") = "RUAP_LV4", "RUAP_LV4\RUAP_LV4.csproj", "{46A5D3F5-C016-412A-AC56-7F67DC242017}"
EndProject
Project("{2150E333-8FDC-42A3-9474-1A3956D46DE8}") = ".nuget", ".nuget", "{206D38E2-4A0A-421B-B54E-BF72BF61B7A1}"
	ProjectSection(SolutionItems) = preProject
		.nuget\packages.config = .nuget\packages.config
	EndProjectSection
EndProject
Global
	GlobalSection(SolutionConfigurationPlatforms) = preSolution
		Debug|Any CPU = Debug|Any CPU
		Release|Any CPU = Release|Any CPU
	EndGlobalSection
	GlobalSection(ProjectConfigurationPlatforms) = postSolution
		{46A5D3F5-C016-412A-AC56-7F67DC242017}.Debug|Any CPU.ActiveCfg = Debug|Any CPU
		{46A5D3F5-C016-412A-AC56-7F67DC242017}.Debug|Any CPU.Build.0 = Debug|Any CPU
		{46A5D3F5-C016-412A-AC56-7F67DC242017}.Release|Any CPU.ActiveCfg = Release|Any CPU
		{46A5D3F5-C016-412A-AC56-7F67DC242017}.Release|Any CPU.Build.0 = Release|Any CPU
	EndGlobalSection
	GlobalSection(SolutionProperties) = preSolution
		HideSolutionNode = FALSE
	EndGlobalSection
EndGlobal
